
Microsoft Visual Studio Solution File, Format Version 12.00
# Visual Studio Version 16
VisualStudioVersion = 16.0.30128.74
MinimumVisualStudioVersion = 10.0.40219.1
Project("{9A19103F-16F7-4668-BE54-9A1E7A4F7556}") = "BlazorCRUB.UI", "BlazorCRUB.UI\BlazorCRUB.UI.csproj", "{E9DF8EBB-5E74-459D-A894-7C1149909C16}"
EndProject
Project("{9A19103F-16F7-4668-BE54-9A1E7A4F7556}") = "BlazorCRUB.Model", "BlazorCRUB.Model\BlazorCRUB.Model.csproj", "{896C93BC-63D6-4520-971A-9127B397036B}"
EndProject
Project("{9A19103F-16F7-4668-BE54-9A1E7A4F7556}") = "BlazorCRUB.Data.Dapper", "BlazorCRUB.Data.Dapper\BlazorCRUB.Data.Dapper.csproj", "{C042882F-B0ED-49E3-A657-2F04A35CFC4D}"
EndProject
Global
	GlobalSection(SolutionConfigurationPlatforms) = preSolution
		Debug|Any CPU = Debug|Any CPU
		Release|Any CPU = Release|Any CPU
	EndGlobalSection
	GlobalSection(ProjectConfigurationPlatforms) = postSolution
		{E9DF8EBB-5E74-459D-A894-7C1149909C16}.Debug|Any CPU.ActiveCfg = Debug|Any CPU
		{E9DF8EBB-5E74-459D-A894-7C1149909C16}.Debug|Any CPU.Build.0 = Debug|Any CPU
		{E9DF8EBB-5E74-459D-A894-7C1149909C16}.Release|Any CPU.ActiveCfg = Release|Any CPU
		{E9DF8EBB-5E74-459D-A894-7C1149909C16}.Release|Any CPU.Build.0 = Release|Any CPU
		{896C93BC-63D6-4520-971A-9127B397036B}.Debug|Any CPU.ActiveCfg = Debug|Any CPU
		{896C93BC-63D6-4520-971A-9127B397036B}.Debug|Any CPU.Build.0 = Debug|Any CPU
		{896C93BC-63D6-4520-971A-9127B397036B}.Release|Any CPU.ActiveCfg = Release|Any CPU
		{896C93BC-63D6-4520-971A-9127B397036B}.Release|Any CPU.Build.0 = Release|Any CPU
		{C042882F-B0ED-49E3-A657-2F04A35CFC4D}.Debug|Any CPU.ActiveCfg = Debug|Any CPU
		{C042882F-B0ED-49E3-A657-2F04A35CFC4D}.Debug|Any CPU.Build.0 = Debug|Any CPU
		{C042882F-B0ED-49E3-A657-2F04A35CFC4D}.Release|Any CPU.ActiveCfg = Release|Any CPU
		{C042882F-B0ED-49E3-A657-2F04A35CFC4D}.Release|Any CPU.Build.0 = Release|Any CPU
	EndGlobalSection
	GlobalSection(SolutionProperties) = preSolution
		HideSolutionNode = FALSE
	EndGlobalSection
	GlobalSection(ExtensibilityGlobals) = postSolution
		SolutionGuid = {424AB827-5A81-4C69-97CB-37D5DF7C2CA3}
	EndGlobalSection
EndGlobal
